
Microsoft Visual Studio Solution File, Format Version 12.00
# Visual Studio Version 17
VisualStudioVersion = 17.1.32328.378
MinimumVisualStudioVersion = 10.0.40219.1
Project("{9A19103F-16F7-4668-BE54-9A1E7A4F7556}") = "Svg.SkiaSharp", "Svg.SkiaSharp\Svg.SkiaSharp.csproj", "{62ADED4C-1947-4077-B236-3C5D0A346AC8}"
EndProject
Project("{9A19103F-16F7-4668-BE54-9A1E7A4F7556}") = "SvgToPng", "SvgToPng\SvgToPng.csproj", "{82871A91-DBEF-487E-8519-5C859CF07D4A}"
EndProject
Project("{9A19103F-16F7-4668-BE54-9A1E7A4F7556}") = "Svg.Model.SkiaSharp", "Svg.Model.SkiaSharp\Svg.Model.SkiaSharp.csproj", "{8AEE0401-41EA-4FE7-947C-B8BE00746E7B}"
EndProject
Project("{9A19103F-16F7-4668-BE54-9A1E7A4F7556}") = "Benchmark", "Benchmark\Benchmark.csproj", "{DA2CEC83-3BE6-4B70-AD63-1629529B7E63}"
EndProject
Global
	GlobalSection(SolutionConfigurationPlatforms) = preSolution
		Debug|Any CPU = Debug|Any CPU
		Release|Any CPU = Release|Any CPU
	EndGlobalSection
	GlobalSection(ProjectConfigurationPlatforms) = postSolution
		{62ADED4C-1947-4077-B236-3C5D0A346AC8}.Debug|Any CPU.ActiveCfg = Debug|Any CPU
		{62ADED4C-1947-4077-B236-3C5D0A346AC8}.Debug|Any CPU.Build.0 = Debug|Any CPU
		{62ADED4C-1947-4077-B236-3C5D0A346AC8}.Release|Any CPU.ActiveCfg = Release|Any CPU
		{62ADED4C-1947-4077-B236-3C5D0A346AC8}.Release|Any CPU.Build.0 = Release|Any CPU
		{82871A91-DBEF-487E-8519-5C859CF07D4A}.Debug|Any CPU.ActiveCfg = Debug|Any CPU
		{82871A91-DBEF-487E-8519-5C859CF07D4A}.Debug|Any CPU.Build.0 = Debug|Any CPU
		{82871A91-DBEF-487E-8519-5C859CF07D4A}.Release|Any CPU.ActiveCfg = Release|Any CPU
		{82871A91-DBEF-487E-8519-5C859CF07D4A}.Release|Any CPU.Build.0 = Release|Any CPU
		{8AEE0401-41EA-4FE7-947C-B8BE00746E7B}.Debug|Any CPU.ActiveCfg = Debug|Any CPU
		{8AEE0401-41EA-4FE7-947C-B8BE00746E7B}.Debug|Any CPU.Build.0 = Debug|Any CPU
		{8AEE0401-41EA-4FE7-947C-B8BE00746E7B}.Release|Any CPU.ActiveCfg = Release|Any CPU
		{8AEE0401-41EA-4FE7-947C-B8BE00746E7B}.Release|Any CPU.Build.0 = Release|Any CPU
		{DA2CEC83-3BE6-4B70-AD63-1629529B7E63}.Debug|Any CPU.ActiveCfg = Debug|Any CPU
		{DA2CEC83-3BE6-4B70-AD63-1629529B7E63}.Debug|Any CPU.Build.0 = Debug|Any CPU
		{DA2CEC83-3BE6-4B70-AD63-1629529B7E63}.Release|Any CPU.ActiveCfg = Release|Any CPU
		{DA2CEC83-3BE6-4B70-AD63-1629529B7E63}.Release|Any CPU.Build.0 = Release|Any CPU
	EndGlobalSection
	GlobalSection(SolutionProperties) = preSolution
		HideSolutionNode = FALSE
	EndGlobalSection
	GlobalSection(ExtensibilityGlobals) = postSolution
		SolutionGuid = {387DE80D-6BE1-46F7-A78B-4B3EFDE5F1BC}
	EndGlobalSection
EndGlobal
